
Microsoft Visual Studio Solution File, Format Version 12.00
# Visual Studio Version 17
VisualStudioVersion = 17.10.34916.146
MinimumVisualStudioVersion = 10.0.40219.1
Project("{9A19103F-16F7-4668-BE54-9A1E7A4F7556}") = "ProjectA.V3", "ProjectA.V3\ProjectA.V3.csproj", "{0DBB97DF-A729-4727-98E1-46A8F20A7CAC}"
EndProject
Project("{9A19103F-16F7-4668-BE54-9A1E7A4F7556}") = "ProjectB.V3", "ProjectB.V3\ProjectB.V3.csproj", "{1090BAC8-8914-484C-B015-61D0B84C89A3}"
EndProject
Project("{9A19103F-16F7-4668-BE54-9A1E7A4F7556}") = "ProjectA.V2", "ProjectA.V2\ProjectA.V2.csproj", "{C481C4F0-DC67-4F9F-AEF9-BB0D2A5E1D49}"
EndProject
Project("{9A19103F-16F7-4668-BE54-9A1E7A4F7556}") = "ProjectB.V2", "ProjectB.V2\ProjectB.V2.csproj", "{0C0873F6-B11E-44F8-9578-D04DD0827FFF}"
EndProject
Project("{2150E333-8FDC-42A3-9474-1A3956D46DE8}") = "V2", "V2", "{3D9743DA-499A-477D-90D9-6EF87A90F8BB}"
EndProject
Project("{2150E333-8FDC-42A3-9474-1A3956D46DE8}") = "V3", "V3", "{2E265535-DA75-4AB4-8F54-A81FD7F9CD87}"
EndProject
Project("{2150E333-8FDC-42A3-9474-1A3956D46DE8}") = "MSTest", "MSTest", "{E85FDBA3-79D3-4120-BFB4-3F2CA6C2B2CC}"
EndProject
Project("{9A19103F-16F7-4668-BE54-9A1E7A4F7556}") = "ProjectA.MSTest", "ProjectA.MSTest\ProjectA.MSTest.csproj", "{616A52C3-2BD9-499B-A69F-CDF1953AE058}"
EndProject
Project("{9A19103F-16F7-4668-BE54-9A1E7A4F7556}") = "ProjectB.MSTest", "ProjectB.MSTest\ProjectB.MSTest.csproj", "{A526635A-57CA-4277-9EAB-AFF6B3235D58}"
EndProject
Global
	GlobalSection(SolutionConfigurationPlatforms) = preSolution
		Debug|Any CPU = Debug|Any CPU
		Release|Any CPU = Release|Any CPU
	EndGlobalSection
	GlobalSection(ProjectConfigurationPlatforms) = postSolution
		{0DBB97DF-A729-4727-98E1-46A8F20A7CAC}.Debug|Any CPU.ActiveCfg = Debug|Any CPU
		{0DBB97DF-A729-4727-98E1-46A8F20A7CAC}.Debug|Any CPU.Build.0 = Debug|Any CPU
		{0DBB97DF-A729-4727-98E1-46A8F20A7CAC}.Release|Any CPU.ActiveCfg = Release|Any CPU
		{0DBB97DF-A729-4727-98E1-46A8F20A7CAC}.Release|Any CPU.Build.0 = Release|Any CPU
		{1090BAC8-8914-484C-B015-61D0B84C89A3}.Debug|Any CPU.ActiveCfg = Debug|Any CPU
		{1090BAC8-8914-484C-B015-61D0B84C89A3}.Debug|Any CPU.Build.0 = Debug|Any CPU
		{1090BAC8-8914-484C-B015-61D0B84C89A3}.Release|Any CPU.ActiveCfg = Release|Any CPU
		{1090BAC8-8914-484C-B015-61D0B84C89A3}.Release|Any CPU.Build.0 = Release|Any CPU
		{C481C4F0-DC67-4F9F-AEF9-BB0D2A5E1D49}.Debug|Any CPU.ActiveCfg = Debug|Any CPU
		{C481C4F0-DC67-4F9F-AEF9-BB0D2A5E1D49}.Debug|Any CPU.Build.0 = Debug|Any CPU
		{C481C4F0-DC67-4F9F-AEF9-BB0D2A5E1D49}.Release|Any CPU.ActiveCfg = Release|Any CPU
		{C481C4F0-DC67-4F9F-AEF9-BB0D2A5E1D49}.Release|Any CPU.Build.0 = Release|Any CPU
		{0C0873F6-B11E-44F8-9578-D04DD0827FFF}.Debug|Any CPU.ActiveCfg = Debug|Any CPU
		{0C0873F6-B11E-44F8-9578-D04DD0827FFF}.Debug|Any CPU.Build.0 = Debug|Any CPU
		{0C0873F6-B11E-44F8-9578-D04DD0827FFF}.Release|Any CPU.ActiveCfg = Release|Any CPU
		{0C0873F6-B11E-44F8-9578-D04DD0827FFF}.Release|Any CPU.Build.0 = Release|Any CPU
		{616A52C3-2BD9-499B-A69F-CDF1953AE058}.Debug|Any CPU.ActiveCfg = Debug|Any CPU
		{616A52C3-2BD9-499B-A69F-CDF1953AE058}.Debug|Any CPU.Build.0 = Debug|Any CPU
		{616A52C3-2BD9-499B-A69F-CDF1953AE058}.Release|Any CPU.ActiveCfg = Release|Any CPU
		{616A52C3-2BD9-499B-A69F-CDF1953AE058}.Release|Any CPU.Build.0 = Release|Any CPU
		{A526635A-57CA-4277-9EAB-AFF6B3235D58}.Debug|Any CPU.ActiveCfg = Debug|Any CPU
		{A526635A-57CA-4277-9EAB-AFF6B3235D58}.Debug|Any CPU.Build.0 = Debug|Any CPU
		{A526635A-57CA-4277-9EAB-AFF6B3235D58}.Release|Any CPU.ActiveCfg = Release|Any CPU
		{A526635A-57CA-4277-9EAB-AFF6B3235D58}.Release|Any CPU.Build.0 = Release|Any CPU
	EndGlobalSection
	GlobalSection(SolutionProperties) = preSolution
		HideSolutionNode = FALSE
	EndGlobalSection
	GlobalSection(NestedProjects) = preSolution
		{0DBB97DF-A729-4727-98E1-46A8F20A7CAC} = {2E265535-DA75-4AB4-8F54-A81FD7F9CD87}
		{1090BAC8-8914-484C-B015-61D0B84C89A3} = {2E265535-DA75-4AB4-8F54-A81FD7F9CD87}
		{C481C4F0-DC67-4F9F-AEF9-BB0D2A5E1D49} = {3D9743DA-499A-477D-90D9-6EF87A90F8BB}
		{0C0873F6-B11E-44F8-9578-D04DD0827FFF} = {3D9743DA-499A-477D-90D9-6EF87A90F8BB}
		{616A52C3-2BD9-499B-A69F-CDF1953AE058} = {E85FDBA3-79D3-4120-BFB4-3F2CA6C2B2CC}
		{A526635A-57CA-4277-9EAB-AFF6B3235D58} = {E85FDBA3-79D3-4120-BFB4-3F2CA6C2B2CC}
	EndGlobalSection
	GlobalSection(ExtensibilityGlobals) = postSolution
		SolutionGuid = {A26841CC-11DE-4001-A253-B29D1D9FA32E}
	EndGlobalSection
EndGlobal
